PODS:
  - PondasiContracts (1.0.0)

DEPENDENCIES:
  - PondasiContracts (from `../../Core/PondasiContracts`)

EXTERNAL SOURCES:
  PondasiContracts:
    :path: "../../Core/PondasiContracts"

SPEC CHECKSUMS:
  PondasiContracts: e1ba3cb7fda32c79ad6842241f8502138a390a0a

PODFILE CHECKSUM: 30ea83ca183ccdca9654bbf9c5a8c9c595832f53

COCOAPODS: 1.16.2
