// !$*UTF8*$!
{
	archiveVersion = 1;
	classes = {
	};
	objectVersion = 77;
	objects = {

/* Begin PBXBuildFile section */
		3306F99929D220CD296960F4 /* Pods_CreativityApp.framework in Frameworks */ = {isa = PBXBuildFile; fileRef = 693AF04451DC999D13339A95 /* Pods_CreativityApp.framework */; };
/* End PBXBuildFile section */

/* Begin PBXContainerItemProxy section */
		60B4270B2F7EBBA500836247 /* PBXContainerItemProxy */ = {
			isa = PBXContainerItemProxy;
			containerPortal = 60B426F32F7EBBA300836247 /* Project object */;
			proxyType = 1;
			remoteGlobalIDString = 60B426FA2F7EBBA300836247;
			remoteInfo = CreativityApp;
		};
		60B427152F7EBBA500836247 /* PBXContainerItemProxy */ = {
			isa = PBXContainerItemProxy;
			containerPortal = 60B426F32F7EBBA300836247 /* Project object */;
			proxyType = 1;
			remoteGlobalIDString = 60B426FA2F7EBBA300836247;
			remoteInfo = CreativityApp;
		};
/* End PBXContainerItemProxy section */

/* Begin PBXFileReference section */
		1AAB95F6CE817F8C2DDF7645 /* Pods-CreativityApp.release.xcconfig */ = {isa = PBXFileReference; includeInIndex = 1; lastKnownFileType = text.xcconfig; name = "Pods-CreativityApp.release.xcconfig"; path = "Target Support Files/Pods-CreativityApp/Pods-CreativityApp.release.xcconfig"; sourceTree = "<group>"; };
		3D659980A06C0EC8CB243B5B /* Pods-CreativityApp.debug.xcconfig */ = {isa = PBXFileReference; includeInIndex = 1; lastKnownFileType = text.xcconfig; name = "Pods-CreativityApp.debug.xcconfig"; path = "Target Support Files/Pods-CreativityApp/Pods-CreativityApp.debug.xcconfig"; sourceTree = "<group>"; };
		60B426FB2F7EBBA300836247 /* CreativityApp.app */ = {isa = PBXFileReference; explicitFileType = wrapper.application; includeInIndex = 0; path = CreativityApp.app; sourceTree = BUILT_PRODUCTS_DIR; };
		60B4270A2F7EBBA500836247 /* CreativityAppTests.xctest */ = {isa = PBXFileReference; explicitFileType = wrapper.cfbundle; includeInIndex = 0; path = CreativityAppTests.xctest; sourceTree = BUILT_PRODUCTS_DIR; };
		60B427142F7EBBA500836247 /* CreativityAppUITests.xctest */ = {isa = PBXFileReference; explicitFileType = wrapper.cfbundle; includeInIndex = 0; path = CreativityAppUITests.xctest; sourceTree = BUILT_PRODUCTS_DIR; };
		693AF04451DC999D13339A95 /* Pods_CreativityApp.framework */ = {isa = PBXFileReference; explicitFileType = wrapper.framework; includeInIndex = 0; path = Pods_CreativityApp.framework; sourceTree = BUILT_PRODUCTS_DIR; };
/* End PBXFileReference section */

/* Begin PBXFileSystemSynchronizedRootGroup section */
		60B426FD2F7EBBA300836247 /* CreativityApp */ = {
			isa = PBXFileSystemSynchronizedRootGroup;
			exceptions = (
			);
			path = CreativityApp;
			sourceTree = "<group>";
		};
		60B4270D2F7EBBA500836247 /* CreativityAppTests */ = {
			isa = PBXFileSystemSynchronizedRootGroup;
			exceptions = (
			);
			path = CreativityAppTests;
			sourceTree = "<group>";
		};
		60B427172F7EBBA500836247 /* CreativityAppUITests */ = {
			isa = PBXFileSystemSynchronizedRootGroup;
			exceptions = (
			);
			path = CreativityAppUITests;
			sourceTree = "<group>";
		};
/* End PBXFileSystemSynchronizedRootGroup section */

/* Begin PBXFrameworksBuildPhase section */
		60B426F82F7EBBA300836247 /* Frameworks */ = {
			isa = PBXFrameworksBuildPhase;
			buildActionMask = 2147483647;
			files = (
				3306F99929D220CD296960F4 /* Pods_CreativityApp.framework in Frameworks */,
			);
			runOnlyForDeploymentPostprocessing = 0;
		};
		60B427072F7EBBA500836247 /* Frameworks */ = {
			isa = PBXFrameworksBuildPhase;
			buildActionMask = 2147483647;
			files = (
			);
			runOnlyForDeploymentPostprocessing = 0;
		};
		60B427112F7EBBA500836247 /* Frameworks */ = {
			isa = PBXFrameworksBuildPhase;
			buildActionMask = 2147483647;
			files = (
			);
			runOnlyForDeploymentPostprocessing = 0;
		};
/* End PBXFrameworksBuildPhase section */

/* Begin PBXGroup section */
		60B426F22F7EBBA300836247 = {
			isa = PBXGroup;
			children = (
				60B426FD2F7EBBA300836247 /* CreativityApp */,
				60B4270D2F7EBBA500836247 /* CreativityAppTests */,
				60B427172F7EBBA500836247 /* CreativityAppUITests */,
				60B426FC2F7EBBA300836247 /* Products */,
				AEBBB2CD81E9CE9FC6C21D6E /* Pods */,
				F61860F5A501287D110EE3C8 /* Frameworks */,
			);
			sourceTree = "<group>";
		};
		60B426FC2F7EBBA300836247 /* Products */ = {
			isa = PBXGroup;
			children = (
				60B426FB2F7EBBA300836247 /* CreativityApp.app */,
				60B4270A2F7EBBA500836247 /* CreativityAppTests.xctest */,
				60B427142F7EBBA500836247 /* CreativityAppUITests.xctest */,
			);
			name = Products;
			sourceTree = "<group>";
		};
		AEBBB2CD81E9CE9FC6C21D6E /* Pods */ = {
			isa = PBXGroup;
			children = (
				3D659980A06C0EC8CB243B5B /* Pods-CreativityApp.debug.xcconfig */,
				1AAB95F6CE817F8C2DDF7645 /* Pods-CreativityApp.release.xcconfig */,
			);
			name = Pods;
			path = Pods;
			sourceTree = "<group>";
		};
		F61860F5A501287D110EE3C8 /* Frameworks */ = {
			isa = PBXGroup;
			children = (
				693AF04451DC999D13339A95 /* Pods_CreativityApp.framework */,
			);
			name = Frameworks;
			sourceTree = "<group>";
		};
/* End PBXGroup section */

/* Begin PBXNativeTarget section */
		60B426FA2F7EBBA300836247 /* CreativityApp */ = {
			isa = PBXNativeTarget;
			buildConfigurationList = 60B4271E2F7EBBA500836247 /* Build configuration list for PBXNativeTarget "CreativityApp" */;
			buildPhases = (
				2E97B1A38DCA5D96761D46B3 /* [CP] Check Pods Manifest.lock */,
				60B426F72F7EBBA300836247 /* Sources */,
				60B426F82F7EBBA300836247 /* Frameworks */,
				60B426F92F7EBBA300836247 /* Resources */,
				51FDA324263CB60B547BE2C5 /* [CP] Embed Pods Frameworks */,
			);
			buildRules = (
			);
			dependencies = (
			);
			fileSystemSynchronizedGroups = (
				60B426FD2F7EBBA300836247 /* CreativityApp */,
			);
			name = CreativityApp;
			productName = CreativityApp;
			productReference = 60B426FB2F7EBBA300836247 /* CreativityApp.app */;
			productType = "com.apple.product-type.application";
		};
		60B427092F7EBBA500836247 /* CreativityAppTests */ = {
			isa = PBXNativeTarget;
			buildConfigurationList = 60B427212F7EBBA500836247 /* Build configuration list for PBXNativeTarget "CreativityAppTests" */;
			buildPhases = (
				60B427062F7EBBA500836247 /* Sources */,
				60B427072F7EBBA500836247 /* Frameworks */,
				60B427082F7EBBA500836247 /* Resources */,
			);
			buildRules = (
			);
			dependencies = (
				60B4270C2F7EBBA500836247 /* PBXTargetDependency */,
			);
			fileSystemSynchronizedGroups = (
				60B4270D2F7EBBA500836247 /* CreativityAppTests */,
			);
			name = CreativityAppTests;
			productName = CreativityAppTests;
			productReference = 60B4270A2F7EBBA500836247 /* CreativityAppTests.xctest */;
			productType = "com.apple.product-type.bundle.unit-test";
		};
		60B427132F7EBBA500836247 /* CreativityAppUITests */ = {
			isa = PBXNativeTarget;
			buildConfigurationList = 60B427242F7EBBA500836247 /* Build configuration list for PBXNativeTarget "CreativityAppUITests" */;
			buildPhases = (
				60B427102F7EBBA500836247 /* Sources */,
				60B427112F7EBBA500836247 /* Frameworks */,
				60B427122F7EBBA500836247 /* Resources */,
			);
			buildRules = (
			);
			dependencies = (
				60B427162F7EBBA500836247 /* PBXTargetDependency */,
			);
			fileSystemSynchronizedGroups = (
				60B427172F7EBBA500836247 /* CreativityAppUITests */,
			);
			name = CreativityAppUITests;
			productName = CreativityAppUITests;
			productReference = 60B427142F7EBBA500836247 /* CreativityAppUITests.xctest */;
			productType = "com.apple.product-type.bundle.ui-testing";
		};
/* End PBXNativeTarget section */

/* Begin PBXProject section */
		60B426F32F7EBBA300836247 /* Project object */ = {
			isa = PBXProject;
			attributes = {
				BuildIndependentTargetsInParallel = 1;
				LastSwiftUpdateCheck = 2610;
				LastUpgradeCheck = 2610;
				TargetAttributes = {
					60B426FA2F7EBBA300836247 = {
						CreatedOnToolsVersion = 26.1.1;
					};
					60B427092F7EBBA500836247 = {
						CreatedOnToolsVersion = 26.1.1;
						TestTargetID = 60B426FA2F7EBBA300836247;
					};
					60B427132F7EBBA500836247 = {
						CreatedOnToolsVersion = 26.1.1;
						TestTargetID = 60B426FA2F7EBBA300836247;
					};
				};
			};
			buildConfigurationList = 60B426F62F7EBBA300836247 /* Build configuration list for PBXProject "CreativityApp" */;
			developmentRegion = en;
			hasScannedForEncodings = 0;
			knownRegions = (
				en,
				Base,
			);
			mainGroup = 60B426F22F7EBBA300836247;
			minimizedProjectReferenceProxies = 1;
			preferredProjectObjectVersion = 77;
			productRefGroup = 60B426FC2F7EBBA300836247 /* Products */;
			projectDirPath = "";
			projectRoot = "";
			targets = (
				60B426FA2F7EBBA300836247 /* CreativityApp */,
				60B427092F7EBBA500836247 /* CreativityAppTests */,
				60B427132F7EBBA500836247 /* CreativityAppUITests */,
			);
		};
/* End PBXProject section */

/* Begin PBXResourcesBuildPhase section */
		60B426F92F7EBBA300836247 /* Resources */ = {
			isa = PBXResourcesBuildPhase;
			buildActionMask = 2147483647;
			files = (
			);
			runOnlyForDeploymentPostprocessing = 0;
		};
		60B427082F7EBBA500836247 /* Resources */ = {
			isa = PBXResourcesBuildPhase;
			buildActionMask = 2147483647;
			files = (
			);
			runOnlyForDeploymentPostprocessing = 0;
		};
		60B427122F7EBBA500836247 /* Resources */ = {
			isa = PBXResourcesBuildPhase;
			buildActionMask = 2147483647;
			files = (
			);
			runOnlyForDeploymentPostprocessing = 0;
		};
/* End PBXResourcesBuildPhase section */

/* Begin PBXShellScriptBuildPhase section */
		2E97B1A38DCA5D96761D46B3 /* [CP] Check Pods Manifest.lock */ = {
			isa = PBXShellScriptBuildPhase;
			buildActionMask = 2147483647;
			files = (
			);
			inputFileListPaths = (
			);
			inputPaths = (
				"${PODS_PODFILE_DIR_PATH}/Podfile.lock",
				"${PODS_ROOT}/Manifest.lock",
			);
			name = "[CP] Check Pods Manifest.lock";
			outputFileListPaths = (
			);
			outputPaths = (
				"$(DERIVED_FILE_DIR)/Pods-CreativityApp-checkManifestLockResult.txt",
			);
			runOnlyForDeploymentPostprocessing = 0;
			shellPath = /bin/sh;
			shellScript = "diff \"${PODS_PODFILE_DIR_PATH}/Podfile.lock\" \"${PODS_ROOT}/Manifest.lock\" > /dev/null\nif [ $? != 0 ] ; then\n    # print error to STDERR\n    echo \"error: The sandbox is not in sync with the Podfile.lock. Run 'pod install' or update your CocoaPods installation.\" >&2\n    exit 1\nfi\n# This output is used by Xcode 'outputs' to avoid re-running this script phase.\necho \"SUCCESS\" > \"${SCRIPT_OUTPUT_FILE_0}\"\n";
			showEnvVarsInLog = 0;
		};
		51FDA324263CB60B547BE2C5 /* [CP] Embed Pods Frameworks */ = {
			isa = PBXShellScriptBuildPhase;
			buildActionMask = 2147483647;
			files = (
			);
			inputFileListPaths = (
				"${PODS_ROOT}/Target Support Files/Pods-CreativityApp/Pods-CreativityApp-frameworks-${CONFIGURATION}-input-files.xcfilelist",
			);
			name = "[CP] Embed Pods Frameworks";
			outputFileListPaths = (
				"${PODS_ROOT}/Target Support Files/Pods-CreativityApp/Pods-CreativityApp-frameworks-${CONFIGURATION}-output-files.xcfilelist",
			);
			runOnlyForDeploymentPostprocessing = 0;
			shellPath = /bin/sh;
			shellScript = "\"${PODS_ROOT}/Target Support Files/Pods-CreativityApp/Pods-CreativityApp-frameworks.sh\"\n";
			showEnvVarsInLog = 0;
		};
/* End PBXShellScriptBuildPhase section */

/* Begin PBXSourcesBuildPhase section */
		60B426F72F7EBBA300836247 /* Sources */ = {
			isa = PBXSourcesBuildPhase;
			buildActionMask = 2147483647;
			files = (
			);
			runOnlyForDeploymentPostprocessing = 0;
		};
		60B427062F7EBBA500836247 /* Sources */ = {
			isa = PBXSourcesBuildPhase;
			buildActionMask = 2147483647;
			files = (
			);
			runOnlyForDeploymentPostprocessing = 0;
		};
		60B427102F7EBBA500836247 /* Sources */ = {
			isa = PBXSourcesBuildPhase;
			buildActionMask = 2147483647;
			files = (
			);
			runOnlyForDeploymentPostprocessing = 0;
		};
/* End PBXSourcesBuildPhase section */

/* Begin PBXTargetDependency section */
		60B4270C2F7EBBA500836247 /* PBXTargetDependency */ = {
			isa = PBXTargetDependency;
			target = 60B426FA2F7EBBA300836247 /* CreativityApp */;
			targetProxy = 60B4270B2F7EBBA500836247 /* PBXContainerItemProxy */;
		};
		60B427162F7EBBA500836247 /* PBXTargetDependency */ = {
			isa = PBXTargetDependency;
			target = 60B426FA2F7EBBA300836247 /* CreativityApp */;
			targetProxy = 60B427152F7EBBA500836247 /* PBXContainerItemProxy */;
		};
/* End PBXTargetDependency section */

/* Begin XCBuildConfiguration section */
		60B4271C2F7EBBA500836247 /* Debug */ = {
			isa = XCBuildConfiguration;
			buildSettings = {
				ALWAYS_SEARCH_USER_PATHS = NO;
				ASSETCATALOG_COMPILER_GENERATE_SWIFT_ASSET_SYMBOL_EXTENSIONS = YES;
				CLANG_ANALYZER_NONNULL = YES;
				CLANG_ANALYZER_NUMBER_OBJECT_CONVERSION = YES_AGGRESSIVE;
				CLANG_CXX_LANGUAGE_STANDARD = "gnu++20";
				CLANG_ENABLE_MODULES = YES;
				CLANG_ENABLE_OBJC_ARC = YES;
				CLANG_ENABLE_OBJC_WEAK = YES;
				CLANG_WARN_BLOCK_CAPTURE_AUTORELEASING = YES;
				CLANG_WARN_BOOL_CONVERSION = YES;
				CLANG_WARN_COMMA = YES;
				CLANG_WARN_CONSTANT_CONVERSION = YES;
				CLANG_WARN_DEPRECATED_OBJC_IMPLEMENTATIONS = YES;
				CLANG_WARN_DIRECT_OBJC_ISA_USAGE = YES_ERROR;
				CLANG_WARN_DOCUMENTATION_COMMENTS = YES;
				CLANG_WARN_EMPTY_BODY = YES;
				CLANG_WARN_ENUM_CONVERSION = YES;
				CLANG_WARN_INFINITE_RECURSION = YES;
				CLANG_WARN_INT_CONVERSION = YES;
				CLANG_WARN_NON_LITERAL_NULL_CONVERSION = YES;
				CLANG_WARN_OBJC_IMPLICIT_RETAIN_SELF = YES;
				CLANG_WARN_OBJC_LITERAL_CONVERSION = YES;
				CLANG_WARN_OBJC_ROOT_CLASS = YES_ERROR;
				CLANG_WARN_QUOTED_INCLUDE_IN_FRAMEWORK_HEADER = YES;
				CLANG_WARN_RANGE_LOOP_ANALYSIS = YES;
				CLANG_WARN_STRICT_PROTOTYPES = YES;
				CLANG_WARN_SUSPICIOUS_MOVE = YES;
				CLANG_WARN_UNGUARDED_AVAILABILITY = YES_AGGRESSIVE;
				CLANG_WARN_UNREACHABLE_CODE = YES;
				CLANG_WARN__DUPLICATE_METHOD_MATCH = YES;
				COPY_PHASE_STRIP = NO;
				DEBUG_INFORMATION_FORMAT = dwarf;
				DEVELOPMENT_TEAM = NUP9G5V5V5;
				ENABLE_STRICT_OBJC_MSGSEND = YES;
				ENABLE_TESTABILITY = YES;
				ENABLE_USER_SCRIPT_SANDBOXING = YES;
				GCC_C_LANGUAGE_STANDARD = gnu17;
				GCC_DYNAMIC_NO_PIC = NO;
				GCC_NO_COMMON_BLOCKS = YES;
				GCC_OPTIMIZATION_LEVEL = 0;
				GCC_PREPROCESSOR_DEFINITIONS = (
					"DEBUG=1",
					"$(inherited)",
				);
				GCC_WARN_64_TO_32_BIT_CONVERSION = YES;
				GCC_WARN_ABOUT_RETURN_TYPE = YES_ERROR;
				GCC_WARN_UNDECLARED_SELECTOR = YES;
				GCC_WARN_UNINITIALIZED_AUTOS = YES_AGGRESSIVE;
				GCC_WARN_UNUSED_FUNCTION = YES;
				GCC_WARN_UNUSED_VARIABLE = YES;
				IPHONEOS_DEPLOYMENT_TARGET = 26.1;
				LOCALIZATION_PREFERS_STRING_CATALOGS = YES;
				MTL_ENABLE_DEBUG_INFO = INCLUDE_SOURCE;
				MTL_FAST_MATH = YES;
				ONLY_ACTIVE_ARCH = YES;
				SDKROOT = iphoneos;
				SWIFT_ACTIVE_COMPILATION_CONDITIONS = "DEBUG $(inherited)";
				SWIFT_OPTIMIZATION_LEVEL = "-Onone";
			};
			name = Debug;
		};
		60B4271D2F7EBBA500836247 /* Release */ = {
			isa = XCBuildConfiguration;
			buildSettings = {
				ALWAYS_SEARCH_USER_PATHS = NO;
				ASSETCATALOG_COMPILER_GENERATE_SWIFT_ASSET_SYMBOL_EXTENSIONS = YES;
				CLANG_ANALYZER_NONNULL = YES;
				CLANG_ANALYZER_NUMBER_OBJECT_CONVERSION = YES_AGGRESSIVE;
				CLANG_CXX_LANGUAGE_STANDARD = "gnu++20";
				CLANG_ENABLE_MODULES = YES;
				CLANG_ENABLE_OBJC_ARC = YES;
				CLANG_ENABLE_OBJC_WEAK = YES;
				CLANG_WARN_BLOCK_CAPTURE_AUTORELEASING = YES;
				CLANG_WARN_BOOL_CONVERSION = YES;
				CLANG_WARN_COMMA = YES;
				CLANG_WARN_CONSTANT_CONVERSION = YES;
				CLANG_WARN_DEPRECATED_OBJC_IMPLEMENTATIONS = YES;
				CLANG_WARN_DIRECT_OBJC_ISA_USAGE = YES_ERROR;
				CLANG_WARN_DOCUMENTATION_COMMENTS = YES;
				CLANG_WARN_EMPTY_BODY = YES;
				CLANG_WARN_ENUM_CONVERSION = YES;
				CLANG_WARN_INFINITE_RECURSION = YES;
				CLANG_WARN_INT_CONVERSION = YES;
				CLANG_WARN_NON_LITERAL_NULL_CONVERSION = YES;
				CLANG_WARN_OBJC_IMPLICIT_RETAIN_SELF = YES;
				CLANG_WARN_OBJC_LITERAL_CONVERSION = YES;
				CLANG_WARN_OBJC_ROOT_CLASS = YES_ERROR;
				CLANG_WARN_QUOTED_INCLUDE_IN_FRAMEWORK_HEADER = YES;
				CLANG_WARN_RANGE_LOOP_ANALYSIS = YES;
				CLANG_WARN_STRICT_PROTOTYPES = YES;
				CLANG_WARN_SUSPICIOUS_MOVE = YES;
				CLANG_WARN_UNGUARDED_AVAILABILITY = YES_AGGRESSIVE;
				CLANG_WARN_UNREACHABLE_CODE = YES;
				CLANG_WARN__DUPLICATE_METHOD_MATCH = YES;
				COPY_PHASE_STRIP = NO;
				DEBUG_INFORMATION_FORMAT = "dwarf-with-dsym";
				DEVELOPMENT_TEAM = NUP9G5V5V5;
				ENABLE_NS_ASSERTIONS = NO;
				ENABLE_STRICT_OBJC_MSGSEND = YES;
				ENABLE_USER_SCRIPT_SANDBOXING = YES;
				GCC_C_LANGUAGE_STANDARD = gnu17;
				GCC_NO_COMMON_BLOCKS = YES;
				GCC_WARN_64_TO_32_BIT_CONVERSION = YES;
				GCC_WARN_ABOUT_RETURN_TYPE = YES_ERROR;
				GCC_WARN_UNDECLARED_SELECTOR = YES;
				GCC_WARN_UNINITIALIZED_AUTOS = YES_AGGRESSIVE;
				GCC_WARN_UNUSED_FUNCTION = YES;
				GCC_WARN_UNUSED_VARIABLE = YES;
				IPHONEOS_DEPLOYMENT_TARGET = 26.1;
				LOCALIZATION_PREFERS_STRING_CATALOGS = YES;
				MTL_ENABLE_DEBUG_INFO = NO;
				MTL_FAST_MATH = YES;
				SDKROOT = iphoneos;
				SWIFT_COMPILATION_MODE = wholemodule;
				VALIDATE_PRODUCT = YES;
			};
			name = Release;
		};
		60B4271F2F7EBBA500836247 /* Debug */ = {
			isa = XCBuildConfiguration;
			baseConfigurationReference = 3D659980A06C0EC8CB243B5B /* Pods-CreativityApp.debug.xcconfig */;
			buildSettings = {
				ASSETCATALOG_COMPILER_APPICON_NAME = AppIcon;
				ASSETCATALOG_COMPILER_GLOBAL_ACCENT_COLOR_NAME = AccentColor;
				CODE_SIGN_STYLE = Automatic;
				CURRENT_PROJECT_VERSION = 1;
				DEVELOPMENT_TEAM = NUP9G5V5V5;
				ENABLE_PREVIEWS = YES;
				GENERATE_INFOPLIST_FILE = YES;
				INFOPLIST_KEY_UIApplicationSceneManifest_Generation = YES;
				INFOPLIST_KEY_UIApplicationSupportsIndirectInputEvents = YES;
				INFOPLIST_KEY_UILaunchScreen_Generation = YES;
				INFOPLIST_KEY_UISupportedInterfaceOrientations_iPad = "UIInterfaceOrientationPortrait UIInterfaceOrientationPortraitUpsideDown UIInterfaceOrientationLandscapeLeft UIInterfaceOrientationLandscapeRight";
				INFOPLIST_KEY_UISupportedInterfaceOrientations_iPhone = "UIInterfaceOrientationPortrait UIInterfaceOrientationLandscapeLeft UIInterfaceOrientationLandscapeRight";
				LD_RUNPATH_SEARCH_PATHS = (
					"$(inherited)",
					"@executable_path/Frameworks",
				);
				MARKETING_VERSION = 1.0;
				PRODUCT_BUNDLE_IDENTIFIER = leowirasanto.CreativityApp;
				PRODUCT_NAME = "$(TARGET_NAME)";
				STRING_CATALOG_GENERATE_SYMBOLS = YES;
				SWIFT_APPROACHABLE_CONCURRENCY = YES;
				SWIFT_DEFAULT_ACTOR_ISOLATION = MainActor;
				SWIFT_EMIT_LOC_STRINGS = YES;
				SWIFT_UPCOMING_FEATURE_MEMBER_IMPORT_VISIBILITY = YES;
				SWIFT_VERSION = 5.0;
				TARGETED_DEVICE_FAMILY = "1,2";
			};
			name = Debug;
		};
		60B427202F7EBBA500836247 /* Release */ = {
			isa = XCBuildConfiguration;
			baseConfigurationReference = 1AAB95F6CE817F8C2DDF7645 /* Pods-CreativityApp.release.xcconfig */;
			buildSettings = {
				ASSETCATALOG_COMPILER_APPICON_NAME = AppIcon;
				ASSETCATALOG_COMPILER_GLOBAL_ACCENT_COLOR_NAME = AccentColor;
				CODE_SIGN_STYLE = Automatic;
				CURRENT_PROJECT_VERSION = 1;
				DEVELOPMENT_TEAM = NUP9G5V5V5;
				ENABLE_PREVIEWS = YES;
				GENERATE_INFOPLIST_FILE = YES;
				INFOPLIST_KEY_UIApplicationSceneManifest_Generation = YES;
				INFOPLIST_KEY_UIApplicationSupportsIndirectInputEvents = YES;
				INFOPLIST_KEY_UILaunchScreen_Generation = YES;
				INFOPLIST_KEY_UISupportedInterfaceOrientations_iPad = "UIInterfaceOrientationPortrait UIInterfaceOrientationPortraitUpsideDown UIInterfaceOrientationLandscapeLeft UIInterfaceOrientationLandscapeRight";
				INFOPLIST_KEY_UISupportedInterfaceOrientations_iPhone = "UIInterfaceOrientationPortrait UIInterfaceOrientationLandscapeLeft UIInterfaceOrientationLandscapeRight";
				LD_RUNPATH_SEARCH_PATHS = (
					"$(inherited)",
					"@executable_path/Frameworks",
				);
				MARKETING_VERSION = 1.0;
				PRODUCT_BUNDLE_IDENTIFIER = leowirasanto.CreativityApp;
				PRODUCT_NAME = "$(TARGET_NAME)";
				STRING_CATALOG_GENERATE_SYMBOLS = YES;
				SWIFT_APPROACHABLE_CONCURRENCY = YES;
				SWIFT_DEFAULT_ACTOR_ISOLATION = MainActor;
				SWIFT_EMIT_LOC_STRINGS = YES;
				SWIFT_UPCOMING_FEATURE_MEMBER_IMPORT_VISIBILITY = YES;
				SWIFT_VERSION = 5.0;
				TARGETED_DEVICE_FAMILY = "1,2";
			};
			name = Release;
		};
		60B427222F7EBBA500836247 /* Debug */ = {
			isa = XCBuildConfiguration;
			buildSettings = {
				BUNDLE_LOADER = "$(TEST_HOST)";
				CODE_SIGN_STYLE = Automatic;
				CURRENT_PROJECT_VERSION = 1;
				DEVELOPMENT_TEAM = NUP9G5V5V5;
				GENERATE_INFOPLIST_FILE = YES;
				IPHONEOS_DEPLOYMENT_TARGET = 26.1;
				MARKETING_VERSION = 1.0;
				PRODUCT_BUNDLE_IDENTIFIER = leowirasanto.CreativityAppTests;
				PRODUCT_NAME = "$(TARGET_NAME)";
				STRING_CATALOG_GENERATE_SYMBOLS = NO;
				SWIFT_APPROACHABLE_CONCURRENCY = YES;
				SWIFT_EMIT_LOC_STRINGS = NO;
				SWIFT_UPCOMING_FEATURE_MEMBER_IMPORT_VISIBILITY = YES;
				SWIFT_VERSION = 5.0;
				TARGETED_DEVICE_FAMILY = "1,2";
				TEST_HOST = "$(BUILT_PRODUCTS_DIR)/CreativityApp.app/$(BUNDLE_EXECUTABLE_FOLDER_PATH)/CreativityApp";
			};
			name = Debug;
		};
		60B427232F7EBBA500836247 /* Release */ = {
			isa = XCBuildConfiguration;
			buildSettings = {
				BUNDLE_LOADER = "$(TEST_HOST)";
				CODE_SIGN_STYLE = Automatic;
				CURRENT_PROJECT_VERSION = 1;
				DEVELOPMENT_TEAM = NUP9G5V5V5;
				GENERATE_INFOPLIST_FILE = YES;
				IPHONEOS_DEPLOYMENT_TARGET = 26.1;
				MARKETING_VERSION = 1.0;
				PRODUCT_BUNDLE_IDENTIFIER = leowirasanto.CreativityAppTests;
				PRODUCT_NAME = "$(TARGET_NAME)";
				STRING_CATALOG_GENERATE_SYMBOLS = NO;
				SWIFT_APPROACHABLE_CONCURRENCY = YES;
				SWIFT_EMIT_LOC_STRINGS = NO;
				SWIFT_UPCOMING_FEATURE_MEMBER_IMPORT_VISIBILITY = YES;
				SWIFT_VERSION = 5.0;
				TARGETED_DEVICE_FAMILY = "1,2";
				TEST_HOST = "$(BUILT_PRODUCTS_DIR)/CreativityApp.app/$(BUNDLE_EXECUTABLE_FOLDER_PATH)/CreativityApp";
			};
			name = Release;
		};
		60B427252F7EBBA500836247 /* Debug */ = {
			isa = XCBuildConfiguration;
			buildSettings = {
				CODE_SIGN_STYLE = Automatic;
				CURRENT_PROJECT_VERSION = 1;
				DEVELOPMENT_TEAM = NUP9G5V5V5;
				GENERATE_INFOPLIST_FILE = YES;
				MARKETING_VERSION = 1.0;
				PRODUCT_BUNDLE_IDENTIFIER = leowirasanto.CreativityAppUITests;
				PRODUCT_NAME = "$(TARGET_NAME)";
				STRING_CATALOG_GENERATE_SYMBOLS = NO;
				SWIFT_APPROACHABLE_CONCURRENCY = YES;
				SWIFT_EMIT_LOC_STRINGS = NO;
				SWIFT_UPCOMING_FEATURE_MEMBER_IMPORT_VISIBILITY = YES;
				SWIFT_VERSION = 5.0;
				TARGETED_DEVICE_FAMILY = "1,2";
				TEST_TARGET_NAME = CreativityApp;
			};
			name = Debug;
		};
		60B427262F7EBBA500836247 /* Release */ = {
			isa = XCBuildConfiguration;
			buildSettings = {
				CODE_SIGN_STYLE = Automatic;
				CURRENT_PROJECT_VERSION = 1;
				DEVELOPMENT_TEAM = NUP9G5V5V5;
				GENERATE_INFOPLIST_FILE = YES;
				MARKETING_VERSION = 1.0;
				PRODUCT_BUNDLE_IDENTIFIER = leowirasanto.CreativityAppUITests;
				PRODUCT_NAME = "$(TARGET_NAME)";
				STRING_CATALOG_GENERATE_SYMBOLS = NO;
				SWIFT_APPROACHABLE_CONCURRENCY = YES;
				SWIFT_EMIT_LOC_STRINGS = NO;
				SWIFT_UPCOMING_FEATURE_MEMBER_IMPORT_VISIBILITY = YES;
				SWIFT_VERSION = 5.0;
				TARGETED_DEVICE_FAMILY = "1,2";
				TEST_TARGET_NAME = CreativityApp;
			};
			name = Release;
		};
/* End XCBuildConfiguration section */

/* Begin XCConfigurationList section */
		60B426F62F7EBBA300836247 /* Build configuration list for PBXProject "CreativityApp" */ = {
			isa = XCConfigurationList;
			buildConfigurations = (
				60B4271C2F7EBBA500836247 /* Debug */,
				60B4271D2F7EBBA500836247 /* Release */,
			);
			defaultConfigurationIsVisible = 0;
			defaultConfigurationName = Release;
		};
		60B4271E2F7EBBA500836247 /* Build configuration list for PBXNativeTarget "CreativityApp" */ = {
			isa = XCConfigurationList;
			buildConfigurations = (
				60B4271F2F7EBBA500836247 /* Debug */,
				60B427202F7EBBA500836247 /* Release */,
			);
			defaultConfigurationIsVisible = 0;
			defaultConfigurationName = Release;
		};
		60B427212F7EBBA500836247 /* Build configuration list for PBXNativeTarget "CreativityAppTests" */ = {
			isa = XCConfigurationList;
			buildConfigurations = (
				60B427222F7EBBA500836247 /* Debug */,
				60B427232F7EBBA500836247 /* Release */,
			);
			defaultConfigurationIsVisible = 0;
			defaultConfigurationName = Release;
		};
		60B427242F7EBBA500836247 /* Build configuration list for PBXNativeTarget "CreativityAppUITests" */ = {
			isa = XCConfigurationList;
			buildConfigurations = (
				60B427252F7EBBA500836247 /* Debug */,
				60B427262F7EBBA500836247 /* Release */,
			);
			defaultConfigurationIsVisible = 0;
			defaultConfigurationName = Release;
		};
/* End XCConfigurationList section */
	};
	rootObject = 60B426F32F7EBBA300836247 /* Project object */;
}
